
Microsoft Visual Studio Solution File, Format Version 12.00
# Visual Studio Version 16
VisualStudioVersion = 16.0.30002.166
MinimumVisualStudioVersion = 10.0.40219.1
Project("{FAE04EC0-301F-11D3-BF4B-00C04F79EFBC}") = "Sol_Demo", "Sol_Demo\Sol_Demo.csproj", "{C514FC04-FC81-4903-9FFC-2C4DAFCF2895}"
EndProject
Global
	GlobalSection(SolutionConfigurationPlatforms) = preSolution
		Debug|Any CPU = Debug|Any CPU
		Release|Any CPU = Release|Any CPU
	EndGlobalSection
	GlobalSection(ProjectConfigurationPlatforms) = postSolution
		{C514FC04-FC81-4903-9FFC-2C4DAFCF2895}.Debug|Any CPU.ActiveCfg = Debug|Any CPU
		{C514FC04-FC81-4903-9FFC-2C4DAFCF2895}.Debug|Any CPU.Build.0 = Debug|Any CPU
		{C514FC04-FC81-4903-9FFC-2C4DAFCF2895}.Release|Any CPU.ActiveCfg = Release|Any CPU
		{C514FC04-FC81-4903-9FFC-2C4DAFCF2895}.Release|Any CPU.Build.0 = Release|Any CPU
	EndGlobalSection
	GlobalSection(SolutionProperties) = preSolution
		HideSolutionNode = FALSE
	EndGlobalSection
	GlobalSection(ExtensibilityGlobals) = postSolution
		SolutionGuid = {F3BDD57C-41FD-4915-853E-E04680CDF5D7}
	EndGlobalSection
EndGlobal
